
Microsoft Visual Studio Solution File, Format Version 12.00
# Visual Studio 14
VisualStudioVersion = 14.0.25123.0
MinimumVisualStudioVersion = 10.0.40219.1
Project("{FAE04EC0-301F-11D3-BF4B-00C04F79EFBC}") = "XamarinSQLite.PCL", "XamarinSQLite.PCL\XamarinSQLite.PCL.csproj", "{2B3B8DF4-EE5E-48E0-A9C3-3948FEE06B48}"
EndProject
Project("{FAE04EC0-301F-11D3-BF4B-00C04F79EFBC}") = "XamarinSQLite.UWP", "XamarinSQLite.UWP\XamarinSQLite.UWP.csproj", "{A7670B1E-A3C8-4CCC-993B-18A8715CC9B6}"
EndProject
Project("{FAE04EC0-301F-11D3-BF4B-00C04F79EFBC}") = "XamarinSQLite.iOS", "XamarinSQLite.iOS\XamarinSQLite.iOS.csproj", "{B8D55934-FE6B-4339-9B13-B748E0630EA1}"
EndProject
Project("{FAE04EC0-301F-11D3-BF4B-00C04F79EFBC}") = "XamarinSQLite.Android", "XamarinSQLite.Android\XamarinSQLite.Android.csproj", "{6B7D50BA-E003-442C-9D98-0FA8BF4C5864}"
EndProject
Global
	GlobalSection(SolutionConfigurationPlatforms) = preSolution
		Ad-Hoc|Any CPU = Ad-Hoc|Any CPU
		Ad-Hoc|ARM = Ad-Hoc|ARM
		Ad-Hoc|iPhone = Ad-Hoc|iPhone
		Ad-Hoc|iPhoneSimulator = Ad-Hoc|iPhoneSimulator
		Ad-Hoc|x64 = Ad-Hoc|x64
		Ad-Hoc|x86 = Ad-Hoc|x86
		AppStore|Any CPU = AppStore|Any CPU
		AppStore|ARM = AppStore|ARM
		AppStore|iPhone = AppStore|iPhone
		AppStore|iPhoneSimulator = AppStore|iPhoneSimulator
		AppStore|x64 = AppStore|x64
		AppStore|x86 = AppStore|x86
		Debug|Any CPU = Debug|Any CPU
		Debug|ARM = Debug|ARM
		Debug|iPhone = Debug|iPhone
		Debug|iPhoneSimulator = Debug|iPhoneSimulator
		Debug|x64 = Debug|x64
		Debug|x86 = Debug|x86
		Release|Any CPU = Release|Any CPU
		Release|ARM = Release|ARM
		Release|iPhone = Release|iPhone
		Release|iPhoneSimulator = Release|iPhoneSimulator
		Release|x64 = Release|x64
		Release|x86 = Release|x86
	EndGlobalSection
	GlobalSection(ProjectConfigurationPlatforms) = postSolution
		{2B3B8DF4-EE5E-48E0-A9C3-3948FEE06B48}.Ad-Hoc|Any CPU.ActiveCfg = Release|Any CPU
		{2B3B8DF4-EE5E-48E0-A9C3-3948FEE06B48}.Ad-Hoc|Any CPU.Build.0 = Release|Any CPU
		{2B3B8DF4-EE5E-48E0-A9C3-3948FEE06B48}.Ad-Hoc|ARM.ActiveCfg = Release|Any CPU
		{2B3B8DF4-EE5E-48E0-A9C3-3948FEE06B48}.Ad-Hoc|ARM.Build.0 = Release|Any CPU
		{2B3B8DF4-EE5E-48E0-A9C3-3948FEE06B48}.Ad-Hoc|iPhone.ActiveCfg = Release|Any CPU
		{2B3B8DF4-EE5E-48E0-A9C3-3948FEE06B48}.Ad-Hoc|iPhone.Build.0 = Release|Any CPU
		{2B3B8DF4-EE5E-48E0-A9C3-3948FEE06B48}.Ad-Hoc|iPhoneSimulator.ActiveCfg = Release|Any CPU
		{2B3B8DF4-EE5E-48E0-A9C3-3948FEE06B48}.Ad-Hoc|iPhoneSimulator.Build.0 = Release|Any CPU
		{2B3B8DF4-EE5E-48E0-A9C3-3948FEE06B48}.Ad-Hoc|x64.ActiveCfg = Release|Any CPU
		{2B3B8DF4-EE5E-48E0-A9C3-3948FEE06B48}.Ad-Hoc|x64.Build.0 = Release|Any CPU
		{2B3B8DF4-EE5E-48E0-A9C3-3948FEE06B48}.Ad-Hoc|x86.ActiveCfg = Release|Any CPU
		{2B3B8DF4-EE5E-48E0-A9C3-3948FEE06B48}.Ad-Hoc|x86.Build.0 = Release|Any CPU
		{2B3B8DF4-EE5E-48E0-A9C3-3948FEE06B48}.AppStore|Any CPU.ActiveCfg = Release|Any CPU
		{2B3B8DF4-EE5E-48E0-A9C3-3948FEE06B48}.AppStore|Any CPU.Build.0 = Release|Any CPU
		{2B3B8DF4-EE5E-48E0-A9C3-3948FEE06B48}.AppStore|ARM.ActiveCfg = Release|Any CPU
		{2B3B8DF4-EE5E-48E0-A9C3-3948FEE06B48}.AppStore|ARM.Build.0 = Release|Any CPU
		{2B3B8DF4-EE5E-48E0-A9C3-3948FEE06B48}.AppStore|iPhone.ActiveCfg = Release|Any CPU
		{2B3B8DF4-EE5E-48E0-A9C3-3948FEE06B48}.AppStore|iPhone.Build.0 = Release|Any CPU
		{2B3B8DF4-EE5E-48E0-A9C3-3948FEE06B48}.AppStore|iPhoneSimulator.ActiveCfg = Release|Any CPU
		{2B3B8DF4-EE5E-48E0-A9C3-3948FEE06B48}.AppStore|iPhoneSimulator.Build.0 = Release|Any CPU
		{2B3B8DF4-EE5E-48E0-A9C3-3948FEE06B48}.AppStore|x64.ActiveCfg = Release|Any CPU
		{2B3B8DF4-EE5E-48E0-A9C3-3948FEE06B48}.AppStore|x64.Build.0 = Release|Any CPU
		{2B3B8DF4-EE5E-48E0-A9C3-3948FEE06B48}.AppStore|x86.ActiveCfg = Release|Any CPU
		{2B3B8DF4-EE5E-48E0-A9C3-3948FEE06B48}.AppStore|x86.Build.0 = Release|Any CPU
		{2B3B8DF4-EE5E-48E0-A9C3-3948FEE06B48}.Debug|Any CPU.ActiveCfg = Debug|Any CPU
		{2B3B8DF4-EE5E-48E0-A9C3-3948FEE06B48}.Debug|Any CPU.Build.0 = Debug|Any CPU
		{2B3B8DF4-EE5E-48E0-A9C3-3948FEE06B48}.Debug|ARM.ActiveCfg = Debug|Any CPU
		{2B3B8DF4-EE5E-48E0-A9C3-3948FEE06B48}.Debug|ARM.Build.0 = Debug|Any CPU
		{2B3B8DF4-EE5E-48E0-A9C3-3948FEE06B48}.Debug|iPhone.ActiveCfg = Debug|Any CPU
		{2B3B8DF4-EE5E-48E0-A9C3-3948FEE06B48}.Debug|iPhone.Build.0 = Debug|Any CPU
		{2B3B8DF4-EE5E-48E0-A9C3-3948FEE06B48}.Debug|iPhoneSimulator.ActiveCfg = Debug|Any CPU
		{2B3B8DF4-EE5E-48E0-A9C3-3948FEE06B48}.Debug|iPhoneSimulator.Build.0 = Debug|Any CPU
		{2B3B8DF4-EE5E-48E0-A9C3-3948FEE06B48}.Debug|x64.ActiveCfg = Debug|Any CPU
		{2B3B8DF4-EE5E-48E0-A9C3-3948FEE06B48}.Debug|x64.Build.0 = Debug|Any CPU
		{2B3B8DF4-EE5E-48E0-A9C3-3948FEE06B48}.Debug|x86.ActiveCfg = Debug|Any CPU
		{2B3B8DF4-EE5E-48E0-A9C3-3948FEE06B48}.Debug|x86.Build.0 = Debug|Any CPU
		{2B3B8DF4-EE5E-48E0-A9C3-3948FEE06B48}.Release|Any CPU.ActiveCfg = Release|Any CPU
		{2B3B8DF4-EE5E-48E0-A9C3-3948FEE06B48}.Release|Any CPU.Build.0 = Release|Any CPU
		{2B3B8DF4-EE5E-48E0-A9C3-3948FEE06B48}.Release|ARM.ActiveCfg = Release|Any CPU
		{2B3B8DF4-EE5E-48E0-A9C3-3948FEE06B48}.Release|ARM.Build.0 = Release|Any CPU
		{2B3B8DF4-EE5E-48E0-A9C3-3948FEE06B48}.Release|iPhone.ActiveCfg = Release|Any CPU
		{2B3B8DF4-EE5E-48E0-A9C3-3948FEE06B48}.Release|iPhone.Build.0 = Release|Any CPU
		{2B3B8DF4-EE5E-48E0-A9C3-3948FEE06B48}.Release|iPhoneSimulator.ActiveCfg = Release|Any CPU
		{2B3B8DF4-EE5E-48E0-A9C3-3948FEE06B48}.Release|iPhoneSimulator.Build.0 = Release|Any CPU
		{2B3B8DF4-EE5E-48E0-A9C3-3948FEE06B48}.Release|x64.ActiveCfg = Release|Any CPU
		{2B3B8DF4-EE5E-48E0-A9C3-3948FEE06B48}.Release|x64.Build.0 = Release|Any CPU
		{2B3B8DF4-EE5E-48E0-A9C3-3948FEE06B48}.Release|x86.ActiveCfg = Release|Any CPU
		{2B3B8DF4-EE5E-48E0-A9C3-3948FEE06B48}.Release|x86.Build.0 = Release|Any CPU
		{A7670B1E-A3C8-4CCC-993B-18A8715CC9B6}.Ad-Hoc|Any CPU.ActiveCfg = Release|x64
		{A7670B1E-A3C8-4CCC-993B-18A8715CC9B6}.Ad-Hoc|Any CPU.Build.0 = Release|x64
		{A7670B1E-A3C8-4CCC-993B-18A8715CC9B6}.Ad-Hoc|Any CPU.Deploy.0 = Release|x64
		{A7670B1E-A3C8-4CCC-993B-18A8715CC9B6}.Ad-Hoc|ARM.ActiveCfg = Release|ARM
		{A7670B1E-A3C8-4CCC-993B-18A8715CC9B6}.Ad-Hoc|ARM.Build.0 = Release|ARM
		{A7670B1E-A3C8-4CCC-993B-18A8715CC9B6}.Ad-Hoc|ARM.Deploy.0 = Release|ARM
		{A7670B1E-A3C8-4CCC-993B-18A8715CC9B6}.Ad-Hoc|iPhone.ActiveCfg = Release|x64
		{A7670B1E-A3C8-4CCC-993B-18A8715CC9B6}.Ad-Hoc|iPhone.Build.0 = Release|x64
		{A7670B1E-A3C8-4CCC-993B-18A8715CC9B6}.Ad-Hoc|iPhone.Deploy.0 = Release|x64
		{A7670B1E-A3C8-4CCC-993B-18A8715CC9B6}.Ad-Hoc|iPhoneSimulator.ActiveCfg = Release|x64
		{A7670B1E-A3C8-4CCC-993B-18A8715CC9B6}.Ad-Hoc|iPhoneSimulator.Build.0 = Release|x64
		{A7670B1E-A3C8-4CCC-993B-18A8715CC9B6}.Ad-Hoc|iPhoneSimulator.Deploy.0 = Release|x64
		{A7670B1E-A3C8-4CCC-993B-18A8715CC9B6}.Ad-Hoc|x64.ActiveCfg = Release|x64
		{A7670B1E-A3C8-4CCC-993B-18A8715CC9B6}.Ad-Hoc|x64.Build.0 = Release|x64
		{A7670B1E-A3C8-4CCC-993B-18A8715CC9B6}.Ad-Hoc|x64.Deploy.0 = Release|x64
		{A7670B1E-A3C8-4CCC-993B-18A8715CC9B6}.Ad-Hoc|x86.ActiveCfg = Release|x86
		{A7670B1E-A3C8-4CCC-993B-18A8715CC9B6}.Ad-Hoc|x86.Build.0 = Release|x86
		{A7670B1E-A3C8-4CCC-993B-18A8715CC9B6}.Ad-Hoc|x86.Deploy.0 = Release|x86
		{A7670B1E-A3C8-4CCC-993B-18A8715CC9B6}.AppStore|Any CPU.ActiveCfg = Release|x64
		{A7670B1E-A3C8-4CCC-993B-18A8715CC9B6}.AppStore|Any CPU.Build.0 = Release|x64
		{A7670B1E-A3C8-4CCC-993B-18A8715CC9B6}.AppStore|Any CPU.Deploy.0 = Release|x64
		{A7670B1E-A3C8-4CCC-993B-18A8715CC9B6}.AppStore|ARM.ActiveCfg = Release|ARM
		{A7670B1E-A3C8-4CCC-993B-18A8715CC9B6}.AppStore|ARM.Build.0 = Release|ARM
		{A7670B1E-A3C8-4CCC-993B-18A8715CC9B6}.AppStore|ARM.Deploy.0 = Release|ARM
		{A7670B1E-A3C8-4CCC-993B-18A8715CC9B6}.AppStore|iPhone.ActiveCfg = Release|x64
		{A7670B1E-A3C8-4CCC-993B-18A8715CC9B6}.AppStore|iPhone.Build.0 = Release|x64
		{A7670B1E-A3C8-4CCC-993B-18A8715CC9B6}.AppStore|iPhone.Deploy.0 = Release|x64
		{A7670B1E-A3C8-4CCC-993B-18A8715CC9B6}.AppStore|iPhoneSimulator.ActiveCfg = Release|x64
		{A7670B1E-A3C8-4CCC-993B-18A8715CC9B6}.AppStore|iPhoneSimulator.Build.0 = Release|x64
		{A7670B1E-A3C8-4CCC-993B-18A8715CC9B6}.AppStore|iPhoneSimulator.Deploy.0 = Release|x64
		{A7670B1E-A3C8-4CCC-993B-18A8715CC9B6}.AppStore|x64.ActiveCfg = Release|x64
		{A7670B1E-A3C8-4CCC-993B-18A8715CC9B6}.AppStore|x64.Build.0 = Release|x64
		{A7670B1E-A3C8-4CCC-993B-18A8715CC9B6}.AppStore|x64.Deploy.0 = Release|x64
		{A7670B1E-A3C8-4CCC-993B-18A8715CC9B6}.AppStore|x86.ActiveCfg = Release|x86
		{A7670B1E-A3C8-4CCC-993B-18A8715CC9B6}.AppStore|x86.Build.0 = Release|x86
		{A7670B1E-A3C8-4CCC-993B-18A8715CC9B6}.AppStore|x86.Deploy.0 = Release|x86
		{A7670B1E-A3C8-4CCC-993B-18A8715CC9B6}.Debug|Any CPU.ActiveCfg = Debug|x86
		{A7670B1E-A3C8-4CCC-993B-18A8715CC9B6}.Debug|ARM.ActiveCfg = Debug|ARM
		{A7670B1E-A3C8-4CCC-993B-18A8715CC9B6}.Debug|ARM.Build.0 = Debug|ARM
		{A7670B1E-A3C8-4CCC-993B-18A8715CC9B6}.Debug|ARM.Deploy.0 = Debug|ARM
		{A7670B1E-A3C8-4CCC-993B-18A8715CC9B6}.Debug|iPhone.ActiveCfg = Debug|x86
		{A7670B1E-A3C8-4CCC-993B-18A8715CC9B6}.Debug|iPhoneSimulator.ActiveCfg = Debug|x86
		{A7670B1E-A3C8-4CCC-993B-18A8715CC9B6}.Debug|x64.ActiveCfg = Debug|x64
		{A7670B1E-A3C8-4CCC-993B-18A8715CC9B6}.Debug|x64.Build.0 = Debug|x64
		{A7670B1E-A3C8-4CCC-993B-18A8715CC9B6}.Debug|x64.Deploy.0 = Debug|x64
		{A7670B1E-A3C8-4CCC-993B-18A8715CC9B6}.Debug|x86.ActiveCfg = Debug|x86
		{A7670B1E-A3C8-4CCC-993B-18A8715CC9B6}.Debug|x86.Build.0 = Debug|x86
		{A7670B1E-A3C8-4CCC-993B-18A8715CC9B6}.Debug|x86.Deploy.0 = Debug|x86
		{A7670B1E-A3C8-4CCC-993B-18A8715CC9B6}.Release|Any CPU.ActiveCfg = Release|x86
		{A7670B1E-A3C8-4CCC-993B-18A8715CC9B6}.Release|ARM.ActiveCfg = Release|ARM
		{A7670B1E-A3C8-4CCC-993B-18A8715CC9B6}.Release|ARM.Build.0 = Release|ARM
		{A7670B1E-A3C8-4CCC-993B-18A8715CC9B6}.Release|ARM.Deploy.0 = Release|ARM
		{A7670B1E-A3C8-4CCC-993B-18A8715CC9B6}.Release|iPhone.ActiveCfg = Release|x86
		{A7670B1E-A3C8-4CCC-993B-18A8715CC9B6}.Release|iPhoneSimulator.ActiveCfg = Release|x86
		{A7670B1E-A3C8-4CCC-993B-18A8715CC9B6}.Release|x64.ActiveCfg = Release|x64
		{A7670B1E-A3C8-4CCC-993B-18A8715CC9B6}.Release|x64.Build.0 = Release|x64
		{A7670B1E-A3C8-4CCC-993B-18A8715CC9B6}.Release|x64.Deploy.0 = Release|x64
		{A7670B1E-A3C8-4CCC-993B-18A8715CC9B6}.Release|x86.ActiveCfg = Release|x86
		{A7670B1E-A3C8-4CCC-993B-18A8715CC9B6}.Release|x86.Build.0 = Release|x86
		{A7670B1E-A3C8-4CCC-993B-18A8715CC9B6}.Release|x86.Deploy.0 = Release|x86
		{B8D55934-FE6B-4339-9B13-B748E0630EA1}.Ad-Hoc|Any CPU.ActiveCfg = Ad-Hoc|iPhone
		{B8D55934-FE6B-4339-9B13-B748E0630EA1}.Ad-Hoc|ARM.ActiveCfg = Ad-Hoc|iPhone
		{B8D55934-FE6B-4339-9B13-B748E0630EA1}.Ad-Hoc|iPhone.ActiveCfg = Ad-Hoc|iPhone
		{B8D55934-FE6B-4339-9B13-B748E0630EA1}.Ad-Hoc|iPhone.Build.0 = Ad-Hoc|iPhone
		{B8D55934-FE6B-4339-9B13-B748E0630EA1}.Ad-Hoc|iPhoneSimulator.ActiveCfg = Ad-Hoc|iPhoneSimulator
		{B8D55934-FE6B-4339-9B13-B748E0630EA1}.Ad-Hoc|iPhoneSimulator.Build.0 = Ad-Hoc|iPhoneSimulator
		{B8D55934-FE6B-4339-9B13-B748E0630EA1}.Ad-Hoc|x64.ActiveCfg = Ad-Hoc|iPhone
		{B8D55934-FE6B-4339-9B13-B748E0630EA1}.Ad-Hoc|x86.ActiveCfg = Ad-Hoc|iPhone
		{B8D55934-FE6B-4339-9B13-B748E0630EA1}.AppStore|Any CPU.ActiveCfg = AppStore|iPhone
		{B8D55934-FE6B-4339-9B13-B748E0630EA1}.AppStore|ARM.ActiveCfg = AppStore|iPhone
		{B8D55934-FE6B-4339-9B13-B748E0630EA1}.AppStore|iPhone.ActiveCfg = AppStore|iPhone
		{B8D55934-FE6B-4339-9B13-B748E0630EA1}.AppStore|iPhone.Build.0 = AppStore|iPhone
		{B8D55934-FE6B-4339-9B13-B748E0630EA1}.AppStore|iPhoneSimulator.ActiveCfg = AppStore|iPhoneSimulator
		{B8D55934-FE6B-4339-9B13-B748E0630EA1}.AppStore|iPhoneSimulator.Build.0 = AppStore|iPhoneSimulator
		{B8D55934-FE6B-4339-9B13-B748E0630EA1}.AppStore|x64.ActiveCfg = AppStore|iPhone
		{B8D55934-FE6B-4339-9B13-B748E0630EA1}.AppStore|x86.ActiveCfg = AppStore|iPhone
		{B8D55934-FE6B-4339-9B13-B748E0630EA1}.Debug|Any CPU.ActiveCfg = Debug|iPhone
		{B8D55934-FE6B-4339-9B13-B748E0630EA1}.Debug|ARM.ActiveCfg = Debug|iPhone
		{B8D55934-FE6B-4339-9B13-B748E0630EA1}.Debug|iPhone.ActiveCfg = Debug|iPhone
		{B8D55934-FE6B-4339-9B13-B748E0630EA1}.Debug|iPhone.Build.0 = Debug|iPhone
		{B8D55934-FE6B-4339-9B13-B748E0630EA1}.Debug|iPhoneSimulator.ActiveCfg = Debug|iPhoneSimulator
		{B8D55934-FE6B-4339-9B13-B748E0630EA1}.Debug|iPhoneSimulator.Build.0 = Debug|iPhoneSimulator
		{B8D55934-FE6B-4339-9B13-B748E0630EA1}.Debug|x64.ActiveCfg = Debug|iPhone
		{B8D55934-FE6B-4339-9B13-B748E0630EA1}.Debug|x86.ActiveCfg = Debug|iPhone
		{B8D55934-FE6B-4339-9B13-B748E0630EA1}.Release|Any CPU.ActiveCfg = Release|iPhone
		{B8D55934-FE6B-4339-9B13-B748E0630EA1}.Release|ARM.ActiveCfg = Release|iPhone
		{B8D55934-FE6B-4339-9B13-B748E0630EA1}.Release|iPhone.ActiveCfg = Release|iPhone
		{B8D55934-FE6B-4339-9B13-B748E0630EA1}.Release|iPhone.Build.0 = Release|iPhone
		{B8D55934-FE6B-4339-9B13-B748E0630EA1}.Release|iPhoneSimulator.ActiveCfg = Release|iPhoneSimulator
		{B8D55934-FE6B-4339-9B13-B748E0630EA1}.Release|iPhoneSimulator.Build.0 = Release|iPhoneSimulator
		{B8D55934-FE6B-4339-9B13-B748E0630EA1}.Release|x64.ActiveCfg = Release|iPhone
		{B8D55934-FE6B-4339-9B13-B748E0630EA1}.Release|x86.ActiveCfg = Release|iPhone
		{6B7D50BA-E003-442C-9D98-0FA8BF4C5864}.Ad-Hoc|Any CPU.ActiveCfg = Release|Any CPU
		{6B7D50BA-E003-442C-9D98-0FA8BF4C5864}.Ad-Hoc|Any CPU.Build.0 = Release|Any CPU
		{6B7D50BA-E003-442C-9D98-0FA8BF4C5864}.Ad-Hoc|Any CPU.Deploy.0 = Release|Any CPU
		{6B7D50BA-E003-442C-9D98-0FA8BF4C5864}.Ad-Hoc|ARM.ActiveCfg = Release|Any CPU
		{6B7D50BA-E003-442C-9D98-0FA8BF4C5864}.Ad-Hoc|ARM.Build.0 = Release|Any CPU
		{6B7D50BA-E003-442C-9D98-0FA8BF4C5864}.Ad-Hoc|ARM.Deploy.0 = Release|Any CPU
		{6B7D50BA-E003-442C-9D98-0FA8BF4C5864}.Ad-Hoc|iPhone.ActiveCfg = Release|Any CPU
		{6B7D50BA-E003-442C-9D98-0FA8BF4C5864}.Ad-Hoc|iPhone.Build.0 = Release|Any CPU
		{6B7D50BA-E003-442C-9D98-0FA8BF4C5864}.Ad-Hoc|iPhone.Deploy.0 = Release|Any CPU
		{6B7D50BA-E003-442C-9D98-0FA8BF4C5864}.Ad-Hoc|iPhoneSimulator.ActiveCfg = Release|Any CPU
		{6B7D50BA-E003-442C-9D98-0FA8BF4C5864}.Ad-Hoc|iPhoneSimulator.Build.0 = Release|Any CPU
		{6B7D50BA-E003-442C-9D98-0FA8BF4C5864}.Ad-Hoc|iPhoneSimulator.Deploy.0 = Release|Any CPU
		{6B7D50BA-E003-442C-9D98-0FA8BF4C5864}.Ad-Hoc|x64.ActiveCfg = Release|Any CPU
		{6B7D50BA-E003-442C-9D98-0FA8BF4C5864}.Ad-Hoc|x64.Build.0 = Release|Any CPU
		{6B7D50BA-E003-442C-9D98-0FA8BF4C5864}.Ad-Hoc|x64.Deploy.0 = Release|Any CPU
		{6B7D50BA-E003-442C-9D98-0FA8BF4C5864}.Ad-Hoc|x86.ActiveCfg = Release|Any CPU
		{6B7D50BA-E003-442C-9D98-0FA8BF4C5864}.Ad-Hoc|x86.Build.0 = Release|Any CPU
		{6B7D50BA-E003-442C-9D98-0FA8BF4C5864}.Ad-Hoc|x86.Deploy.0 = Release|Any CPU
		{6B7D50BA-E003-442C-9D98-0FA8BF4C5864}.AppStore|Any CPU.ActiveCfg = Release|Any CPU
		{6B7D50BA-E003-442C-9D98-0FA8BF4C5864}.AppStore|Any CPU.Build.0 = Release|Any CPU
		{6B7D50BA-E003-442C-9D98-0FA8BF4C5864}.AppStore|Any CPU.Deploy.0 = Release|Any CPU
		{6B7D50BA-E003-442C-9D98-0FA8BF4C5864}.AppStore|ARM.ActiveCfg = Release|Any CPU
		{6B7D50BA-E003-442C-9D98-0FA8BF4C5864}.AppStore|ARM.Build.0 = Release|Any CPU
		{6B7D50BA-E003-442C-9D98-0FA8BF4C5864}.AppStore|ARM.Deploy.0 = Release|Any CPU
		{6B7D50BA-E003-442C-9D98-0FA8BF4C5864}.AppStore|iPhone.ActiveCfg = Release|Any CPU
		{6B7D50BA-E003-442C-9D98-0FA8BF4C5864}.AppStore|iPhone.Build.0 = Release|Any CPU
		{6B7D50BA-E003-442C-9D98-0FA8BF4C5864}.AppStore|iPhone.Deploy.0 = Release|Any CPU
		{6B7D50BA-E003-442C-9D98-0FA8BF4C5864}.AppStore|iPhoneSimulator.ActiveCfg = Release|Any CPU
		{6B7D50BA-E003-442C-9D98-0FA8BF4C5864}.AppStore|iPhoneSimulator.Build.0 = Release|Any CPU
		{6B7D50BA-E003-442C-9D98-0FA8BF4C5864}.AppStore|iPhoneSimulator.Deploy.0 = Release|Any CPU
		{6B7D50BA-E003-442C-9D98-0FA8BF4C5864}.AppStore|x64.ActiveCfg = Release|Any CPU
		{6B7D50BA-E003-442C-9D98-0FA8BF4C5864}.AppStore|x64.Build.0 = Release|Any CPU
		{6B7D50BA-E003-442C-9D98-0FA8BF4C5864}.AppStore|x64.Deploy.0 = Release|Any CPU
		{6B7D50BA-E003-442C-9D98-0FA8BF4C5864}.AppStore|x86.ActiveCfg = Release|Any CPU
		{6B7D50BA-E003-442C-9D98-0FA8BF4C5864}.AppStore|x86.Build.0 = Release|Any CPU
		{6B7D50BA-E003-442C-9D98-0FA8BF4C5864}.AppStore|x86.Deploy.0 = Release|Any CPU
		{6B7D50BA-E003-442C-9D98-0FA8BF4C5864}.Debug|Any CPU.ActiveCfg = Debug|Any CPU
		{6B7D50BA-E003-442C-9D98-0FA8BF4C5864}.Debug|Any CPU.Build.0 = Debug|Any CPU
		{6B7D50BA-E003-442C-9D98-0FA8BF4C5864}.Debug|Any CPU.Deploy.0 = Debug|Any CPU
		{6B7D50BA-E003-442C-9D98-0FA8BF4C5864}.Debug|ARM.ActiveCfg = Debug|Any CPU
		{6B7D50BA-E003-442C-9D98-0FA8BF4C5864}.Debug|ARM.Build.0 = Debug|Any CPU
		{6B7D50BA-E003-442C-9D98-0FA8BF4C5864}.Debug|ARM.Deploy.0 = Debug|Any CPU
		{6B7D50BA-E003-442C-9D98-0FA8BF4C5864}.Debug|iPhone.ActiveCfg = Debug|Any CPU
		{6B7D50BA-E003-442C-9D98-0FA8BF4C5864}.Debug|iPhone.Build.0 = Debug|Any CPU
		{6B7D50BA-E003-442C-9D98-0FA8BF4C5864}.Debug|iPhone.Deploy.0 = Debug|Any CPU
		{6B7D50BA-E003-442C-9D98-0FA8BF4C5864}.Debug|iPhoneSimulator.ActiveCfg = Debug|Any CPU
		{6B7D50BA-E003-442C-9D98-0FA8BF4C5864}.Debug|iPhoneSimulator.Build.0 = Debug|Any CPU
		{6B7D50BA-E003-442C-9D98-0FA8BF4C5864}.Debug|iPhoneSimulator.Deploy.0 = Debug|Any CPU
		{6B7D50BA-E003-442C-9D98-0FA8BF4C5864}.Debug|x64.ActiveCfg = Debug|Any CPU
		{6B7D50BA-E003-442C-9D98-0FA8BF4C5864}.Debug|x64.Build.0 = Debug|Any CPU
		{6B7D50BA-E003-442C-9D98-0FA8BF4C5864}.Debug|x64.Deploy.0 = Debug|Any CPU
		{6B7D50BA-E003-442C-9D98-0FA8BF4C5864}.Debug|x86.ActiveCfg = Debug|Any CPU
		{6B7D50BA-E003-442C-9D98-0FA8BF4C5864}.Debug|x86.Build.0 = Debug|Any CPU
		{6B7D50BA-E003-442C-9D98-0FA8BF4C5864}.Debug|x86.Deploy.0 = Debug|Any CPU
		{6B7D50BA-E003-442C-9D98-0FA8BF4C5864}.Release|Any CPU.ActiveCfg = Release|Any CPU
		{6B7D50BA-E003-442C-9D98-0FA8BF4C5864}.Release|Any CPU.Build.0 = Release|Any CPU
		{6B7D50BA-E003-442C-9D98-0FA8BF4C5864}.Release|Any CPU.Deploy.0 = Release|Any CPU
		{6B7D50BA-E003-442C-9D98-0FA8BF4C5864}.Release|ARM.ActiveCfg = Release|Any CPU
		{6B7D50BA-E003-442C-9D98-0FA8BF4C5864}.Release|ARM.Build.0 = Release|Any CPU
		{6B7D50BA-E003-442C-9D98-0FA8BF4C5864}.Release|ARM.Deploy.0 = Release|Any CPU
		{6B7D50BA-E003-442C-9D98-0FA8BF4C5864}.Release|iPhone.ActiveCfg = Release|Any CPU
		{6B7D50BA-E003-442C-9D98-0FA8BF4C5864}.Release|iPhone.Build.0 = Release|Any CPU
		{6B7D50BA-E003-442C-9D98-0FA8BF4C5864}.Release|iPhone.Deploy.0 = Release|Any CPU
		{6B7D50BA-E003-442C-9D98-0FA8BF4C5864}.Release|iPhoneSimulator.ActiveCfg = Release|Any CPU
		{6B7D50BA-E003-442C-9D98-0FA8BF4C5864}.Release|iPhoneSimulator.Build.0 = Release|Any CPU
		{6B7D50BA-E003-442C-9D98-0FA8BF4C5864}.Release|iPhoneSimulator.Deploy.0 = Release|Any CPU
		{6B7D50BA-E003-442C-9D98-0FA8BF4C5864}.Release|x64.ActiveCfg = Release|Any CPU
		{6B7D50BA-E003-442C-9D98-0FA8BF4C5864}.Release|x64.Build.0 = Release|Any CPU
		{6B7D50BA-E003-442C-9D98-0FA8BF4C5864}.Release|x64.Deploy.0 = Release|Any CPU
		{6B7D50BA-E003-442C-9D98-0FA8BF4C5864}.Release|x86.ActiveCfg = Release|Any CPU
		{6B7D50BA-E003-442C-9D98-0FA8BF4C5864}.Release|x86.Build.0 = Release|Any CPU
		{6B7D50BA-E003-442C-9D98-0FA8BF4C5864}.Release|x86.Deploy.0 = Release|Any CPU
	EndGlobalSection
	GlobalSection(SolutionProperties) = preSolution
		HideSolutionNode = FALSE
	EndGlobalSection
EndGlobal
